
Microsoft Visual Studio Solution File, Format Version 11.00
# Visual Studio 2010
Project("{FAE04EC0-301F-11D3-BF4B-00C04F79EFBC}") = "XMLMapfileEditor", "XMLMapfileEditor\XMLMapfileEditor.csproj", "{D19733C2-4F50-435F-9B84-B8E16F77AAD0}"
EndProject
Project("{FAE04EC0-301F-11D3-BF4B-00C04F79EFBC}") = "Utility", "Utility\Utility.csproj", "{07F59939-FFDB-462B-9F3E-8DEC3743E683}"
EndProject
Global
	GlobalSection(SolutionConfigurationPlatforms) = preSolution
		Debug|Any CPU = Debug|Any CPU
		Release|Any CPU = Release|Any CPU
	EndGlobalSection
	GlobalSection(ProjectConfigurationPlatforms) = postSolution
		{D19733C2-4F50-435F-9B84-B8E16F77AAD0}.Debug|Any CPU.ActiveCfg = Debug|Any CPU
		{D19733C2-4F50-435F-9B84-B8E16F77AAD0}.Debug|Any CPU.Build.0 = Debug|Any CPU
		{D19733C2-4F50-435F-9B84-B8E16F77AAD0}.Release|Any CPU.ActiveCfg = Release|Any CPU
		{D19733C2-4F50-435F-9B84-B8E16F77AAD0}.Release|Any CPU.Build.0 = Release|Any CPU
		{07F59939-FFDB-462B-9F3E-8DEC3743E683}.Debug|Any CPU.ActiveCfg = Debug|Any CPU
		{07F59939-FFDB-462B-9F3E-8DEC3743E683}.Debug|Any CPU.Build.0 = Debug|Any CPU
		{07F59939-FFDB-462B-9F3E-8DEC3743E683}.Release|Any CPU.ActiveCfg = Release|Any CPU
		{07F59939-FFDB-462B-9F3E-8DEC3743E683}.Release|Any CPU.Build.0 = Release|Any CPU
	EndGlobalSection
	GlobalSection(SolutionProperties) = preSolution
		HideSolutionNode = FALSE
	EndGlobalSection
EndGlobal
